
Microsoft Visual Studio Solution File, Format Version 12.00
# Visual Studio Version 16
VisualStudioVersion = 16.0.31129.286
MinimumVisualStudioVersion = 10.0.40219.1
Project("{FAE04EC0-301F-11D3-BF4B-00C04F79EFBC}") = "CrunchySerialize", "CrunchySerialize.csproj", "{E4F57783-581A-4D7F-A872-157A1E7B07D2}"
EndProject
Global
	GlobalSection(SolutionConfigurationPlatforms) = preSolution
		Debug|Any CPU = Debug|Any CPU
		Release|Any CPU = Release|Any CPU
	EndGlobalSection
	GlobalSection(ProjectConfigurationPlatforms) = postSolution
		{E4F57783-581A-4D7F-A872-157A1E7B07D2}.Debug|Any CPU.ActiveCfg = Debug|Any CPU
		{E4F57783-581A-4D7F-A872-157A1E7B07D2}.Debug|Any CPU.Build.0 = Debug|Any CPU
		{E4F57783-581A-4D7F-A872-157A1E7B07D2}.Release|Any CPU.ActiveCfg = Release|Any CPU
		{E4F57783-581A-4D7F-A872-157A1E7B07D2}.Release|Any CPU.Build.0 = Release|Any CPU
	EndGlobalSection
	GlobalSection(SolutionProperties) = preSolution
		HideSolutionNode = FALSE
	EndGlobalSection
	GlobalSection(ExtensibilityGlobals) = postSolution
		SolutionGuid = {88ACDF33-0921-48CF-969A-4EB9DF53B58F}
	EndGlobalSection
EndGlobal
